// !$*UTF8*$!
{
	archiveVersion = 1;
	classes = {
	};
	objectVersion = 46;
	objects = {

/* Begin PBXBuildFile section */
		407350701E5D045000CA2D94 /* MomentSDK.framework in Frameworks */ = {isa = PBXBuildFile; fileRef = 407350661E5D045000CA2D94 /* MomentSDK.framework */; };
		407350751E5D045100CA2D94 /* MomentSDKTests.swift in Sources */ = {isa = PBXBuildFile; fileRef = 407350741E5D045100CA2D94 /* MomentSDKTests.swift */; };
		4073508E1E5E1A6E00CA2D94 /* Alamofire.framework in Frameworks */ = {isa = PBXBuildFile; fileRef = 4073508B1E5E1A6E00CA2D94 /* Alamofire.framework */; };
		407350901E5E1A6E00CA2D94 /* SwiftyBluetooth.framework in Frameworks */ = {isa = PBXBuildFile; fileRef = 4073508D1E5E1A6E00CA2D94 /* SwiftyBluetooth.framework */; };
		407350951E5E21A400CA2D94 /* Settings.swift in Sources */ = {isa = PBXBuildFile; fileRef = 407350941E5E21A400CA2D94 /* Settings.swift */; };
		407350971E5E2EF500CA2D94 /* Identifiers.swift in Sources */ = {isa = PBXBuildFile; fileRef = 407350961E5E2EF500CA2D94 /* Identifiers.swift */; };
		407350991E5E31A900CA2D94 /* Constants.swift in Sources */ = {isa = PBXBuildFile; fileRef = 407350981E5E31A900CA2D94 /* Constants.swift */; };
		407350A01E5E3EAC00CA2D94 /* Moment.swift in Sources */ = {isa = PBXBuildFile; fileRef = 4073509F1E5E3EAC00CA2D94 /* Moment.swift */; };
		407350A21E5E3EC300CA2D94 /* BluetoothManager.swift in Sources */ = {isa = PBXBuildFile; fileRef = 407350A11E5E3EC300CA2D94 /* BluetoothManager.swift */; };
/* End PBXBuildFile section */

/* Begin PBXContainerItemProxy section */
		407350711E5D045000CA2D94 /* PBXContainerItemProxy */ = {
			isa = PBXContainerItemProxy;
			containerPortal = 4073505D1E5D045000CA2D94 /* Project object */;
			proxyType = 1;
			remoteGlobalIDString = 407350651E5D045000CA2D94;
			remoteInfo = MomentSDK;
		};
/* End PBXContainerItemProxy section */

/* Begin PBXFileReference section */
		407350661E5D045000CA2D94 /* MomentSDK.framework */ = {isa = PBXFileReference; explicitFileType = wrapper.framework; includeInIndex = 0; path = MomentSDK.framework; sourceTree = BUILT_PRODUCTS_DIR; };
		4073506A1E5D045000CA2D94 /* Info.plist */ = {isa = PBXFileReference; lastKnownFileType = text.plist.xml; path = Info.plist; sourceTree = "<group>"; };
		4073506F1E5D045000CA2D94 /* MomentSDKTests.xctest */ = {isa = PBXFileReference; explicitFileType = wrapper.cfbundle; includeInIndex = 0; path = MomentSDKTests.xctest; sourceTree = BUILT_PRODUCTS_DIR; };
		407350741E5D045100CA2D94 /* MomentSDKTests.swift */ = {isa = PBXFileReference; lastKnownFileType = sourcecode.swift; path = MomentSDKTests.swift; sourceTree = "<group>"; };
		407350761E5D045100CA2D94 /* Info.plist */ = {isa = PBXFileReference; lastKnownFileType = text.plist.xml; path = Info.plist; sourceTree = "<group>"; };
		4073508B1E5E1A6E00CA2D94 /* Alamofire.framework */ = {isa = PBXFileReference; lastKnownFileType = wrapper.framework; name = Alamofire.framework; path = "../Carthage/Checkouts/Alamofire/build/Debug-iphoneos/Alamofire.framework"; sourceTree = "<group>"; };
		4073508C1E5E1A6E00CA2D94 /* Permission.framework */ = {isa = PBXFileReference; lastKnownFileType = wrapper.framework; name = Permission.framework; path = "../Carthage/Checkouts/Permission/build/Debug-iphoneos/Permission.framework"; sourceTree = "<group>"; };
		4073508D1E5E1A6E00CA2D94 /* SwiftyBluetooth.framework */ = {isa = PBXFileReference; lastKnownFileType = wrapper.framework; name = SwiftyBluetooth.framework; path = "../Carthage/Checkouts/SwiftyBluetooth/build/Debug-iphoneos/SwiftyBluetooth.framework"; sourceTree = "<group>"; };
		407350941E5E21A400CA2D94 /* Settings.swift */ = {isa = PBXFileReference; fileEncoding = 4; lastKnownFileType = sourcecode.swift; path = Settings.swift; sourceTree = "<group>"; };
		407350961E5E2EF500CA2D94 /* Identifiers.swift */ = {isa = PBXFileReference; fileEncoding = 4; lastKnownFileType = sourcecode.swift; path = Identifiers.swift; sourceTree = "<group>"; };
		407350981E5E31A900CA2D94 /* Constants.swift */ = {isa = PBXFileReference; fileEncoding = 4; lastKnownFileType = sourcecode.swift; path = Constants.swift; sourceTree = "<group>"; };
		4073509F1E5E3EAC00CA2D94 /* Moment.swift */ = {isa = PBXFileReference; fileEncoding = 4; lastKnownFileType = sourcecode.swift; path = Moment.swift; sourceTree = "<group>"; };
		407350A11E5E3EC300CA2D94 /* BluetoothManager.swift */ = {isa = PBXFileReference; fileEncoding = 4; lastKnownFileType = sourcecode.swift; path = BluetoothManager.swift; sourceTree = "<group>"; };
/* End PBXFileReference section */

/* Begin PBXFrameworksBuildPhase section */
		407350621E5D045000CA2D94 /* Frameworks */ = {
			isa = PBXFrameworksBuildPhase;
			buildActionMask = 2147483647;
			files = (
				4073508E1E5E1A6E00CA2D94 /* Alamofire.framework in Frameworks */,
				407350901E5E1A6E00CA2D94 /* SwiftyBluetooth.framework in Frameworks */,
			);
			runOnlyForDeploymentPostprocessing = 0;
		};
		4073506C1E5D045000CA2D94 /* Frameworks */ = {
			isa = PBXFrameworksBuildPhase;
			buildActionMask = 2147483647;
			files = (
				407350701E5D045000CA2D94 /* MomentSDK.framework in Frameworks */,
			);
			runOnlyForDeploymentPostprocessing = 0;
		};
/* End PBXFrameworksBuildPhase section */

/* Begin PBXGroup section */
		4073505C1E5D045000CA2D94 = {
			isa = PBXGroup;
			children = (
				407350681E5D045000CA2D94 /* MomentSDK */,
				407350731E5D045100CA2D94 /* MomentSDKTests */,
				407350671E5D045000CA2D94 /* Products */,
				4073508A1E5E1A6E00CA2D94 /* Frameworks */,
			);
			sourceTree = "<group>";
		};
		407350671E5D045000CA2D94 /* Products */ = {
			isa = PBXGroup;
			children = (
				407350661E5D045000CA2D94 /* MomentSDK.framework */,
				4073506F1E5D045000CA2D94 /* MomentSDKTests.xctest */,
			);
			name = Products;
			sourceTree = "<group>";
		};
		407350681E5D045000CA2D94 /* MomentSDK */ = {
			isa = PBXGroup;
			children = (
				407350931E5E217F00CA2D94 /* Public */,
				407350921E5E214B00CA2D94 /* Internal */,
				4073506A1E5D045000CA2D94 /* Info.plist */,
			);
			path = MomentSDK;
			sourceTree = "<group>";
		};
		407350731E5D045100CA2D94 /* MomentSDKTests */ = {
			isa = PBXGroup;
			children = (
				407350741E5D045100CA2D94 /* MomentSDKTests.swift */,
				407350761E5D045100CA2D94 /* Info.plist */,
			);
			path = MomentSDKTests;
			sourceTree = "<group>";
		};
		4073508A1E5E1A6E00CA2D94 /* Frameworks */ = {
			isa = PBXGroup;
			children = (
				4073508B1E5E1A6E00CA2D94 /* Alamofire.framework */,
				4073508C1E5E1A6E00CA2D94 /* Permission.framework */,
				4073508D1E5E1A6E00CA2D94 /* SwiftyBluetooth.framework */,
			);
			name = Frameworks;
			sourceTree = "<group>";
		};
		407350921E5E214B00CA2D94 /* Internal */ = {
			isa = PBXGroup;
			children = (
				407350A11E5E3EC300CA2D94 /* BluetoothManager.swift */,
				407350941E5E21A400CA2D94 /* Settings.swift */,
				407350961E5E2EF500CA2D94 /* Identifiers.swift */,
				407350981E5E31A900CA2D94 /* Constants.swift */,
			);
			name = Internal;
			sourceTree = "<group>";
		};
		407350931E5E217F00CA2D94 /* Public */ = {
			isa = PBXGroup;
			children = (
				4073509F1E5E3EAC00CA2D94 /* Moment.swift */,
			);
			name = Public;
			sourceTree = "<group>";
		};
/* End PBXGroup section */

/* Begin PBXHeadersBuildPhase section */
		407350631E5D045000CA2D94 /* Headers */ = {
			isa = PBXHeadersBuildPhase;
			buildActionMask = 2147483647;
			files = (
			);
			runOnlyForDeploymentPostprocessing = 0;
		};
/* End PBXHeadersBuildPhase section */

/* Begin PBXNativeTarget section */
		407350651E5D045000CA2D94 /* MomentSDK */ = {
			isa = PBXNativeTarget;
			buildConfigurationList = 4073507A1E5D045100CA2D94 /* Build configuration list for PBXNativeTarget "MomentSDK" */;
			buildPhases = (
				407350611E5D045000CA2D94 /* Sources */,
				407350621E5D045000CA2D94 /* Frameworks */,
				407350631E5D045000CA2D94 /* Headers */,
				407350641E5D045000CA2D94 /* Resources */,
			);
			buildRules = (
			);
			dependencies = (
			);
			name = MomentSDK;
			productName = MomentSDK;
			productReference = 407350661E5D045000CA2D94 /* MomentSDK.framework */;
			productType = "com.apple.product-type.framework";
		};
		4073506E1E5D045000CA2D94 /* MomentSDKTests */ = {
			isa = PBXNativeTarget;
			buildConfigurationList = 4073507D1E5D045100CA2D94 /* Build configuration list for PBXNativeTarget "MomentSDKTests" */;
			buildPhases = (
				4073506B1E5D045000CA2D94 /* Sources */,
				4073506C1E5D045000CA2D94 /* Frameworks */,
				4073506D1E5D045000CA2D94 /* Resources */,
			);
			buildRules = (
			);
			dependencies = (
				407350721E5D045000CA2D94 /* PBXTargetDependency */,
			);
			name = MomentSDKTests;
			productName = MomentSDKTests;
			productReference = 4073506F1E5D045000CA2D94 /* MomentSDKTests.xctest */;
			productType = "com.apple.product-type.bundle.unit-test";
		};
/* End PBXNativeTarget section */

/* Begin PBXProject section */
		4073505D1E5D045000CA2D94 /* Project object */ = {
			isa = PBXProject;
			attributes = {
				LastSwiftUpdateCheck = 0820;
				LastUpgradeCheck = 0820;
				ORGANIZATIONNAME = "Somatic Technologies, Inc.";
				TargetAttributes = {
					407350651E5D045000CA2D94 = {
						CreatedOnToolsVersion = 8.2;
						DevelopmentTeam = 6NBXW22Z9U;
						LastSwiftMigration = 0820;
						ProvisioningStyle = Automatic;
					};
					4073506E1E5D045000CA2D94 = {
						CreatedOnToolsVersion = 8.2;
						DevelopmentTeam = 6NBXW22Z9U;
						ProvisioningStyle = Automatic;
					};
				};
			};
			buildConfigurationList = 407350601E5D045000CA2D94 /* Build configuration list for PBXProject "MomentSDK" */;
			compatibilityVersion = "Xcode 3.2";
			developmentRegion = English;
			hasScannedForEncodings = 0;
			knownRegions = (
				en,
			);
			mainGroup = 4073505C1E5D045000CA2D94;
			productRefGroup = 407350671E5D045000CA2D94 /* Products */;
			projectDirPath = "";
			projectRoot = "";
			targets = (
				407350651E5D045000CA2D94 /* MomentSDK */,
				4073506E1E5D045000CA2D94 /* MomentSDKTests */,
			);
		};
/* End PBXProject section */

/* Begin PBXResourcesBuildPhase section */
		407350641E5D045000CA2D94 /* Resources */ = {
			isa = PBXResourcesBuildPhase;
			buildActionMask = 2147483647;
			files = (
			);
			runOnlyForDeploymentPostprocessing = 0;
		};
		4073506D1E5D045000CA2D94 /* Resources */ = {
			isa = PBXResourcesBuildPhase;
			buildActionMask = 2147483647;
			files = (
			);
			runOnlyForDeploymentPostprocessing = 0;
		};
/* End PBXResourcesBuildPhase section */

/* Begin PBXSourcesBuildPhase section */
		407350611E5D045000CA2D94 /* Sources */ = {
			isa = PBXSourcesBuildPhase;
			buildActionMask = 2147483647;
			files = (
				407350971E5E2EF500CA2D94 /* Identifiers.swift in Sources */,
				407350951E5E21A400CA2D94 /* Settings.swift in Sources */,
				407350A21E5E3EC300CA2D94 /* BluetoothManager.swift in Sources */,
				407350991E5E31A900CA2D94 /* Constants.swift in Sources */,
				407350A01E5E3EAC00CA2D94 /* Moment.swift in Sources */,
			);
			runOnlyForDeploymentPostprocessing = 0;
		};
		4073506B1E5D045000CA2D94 /* Sources */ = {
			isa = PBXSourcesBuildPhase;
			buildActionMask = 2147483647;
			files = (
				407350751E5D045100CA2D94 /* MomentSDKTests.swift in Sources */,
			);
			runOnlyForDeploymentPostprocessing = 0;
		};
/* End PBXSourcesBuildPhase section */

/* Begin PBXTargetDependency section */
		407350721E5D045000CA2D94 /* PBXTargetDependency */ = {
			isa = PBXTargetDependency;
			target = 407350651E5D045000CA2D94 /* MomentSDK */;
			targetProxy = 407350711E5D045000CA2D94 /* PBXContainerItemProxy */;
		};
/* End PBXTargetDependency section */

/* Begin XCBuildConfiguration section */
		407350781E5D045100CA2D94 /* Debug */ = {
			isa = XCBuildConfiguration;
			buildSettings = {
				ALWAYS_SEARCH_USER_PATHS = NO;
				CLANG_ANALYZER_NONNULL = YES;
				CLANG_CXX_LANGUAGE_STANDARD = "gnu++0x";
				CLANG_CXX_LIBRARY = "libc++";
				CLANG_ENABLE_MODULES = YES;
				CLANG_ENABLE_OBJC_ARC = YES;
				CLANG_WARN_BOOL_CONVERSION = YES;
				CLANG_WARN_CONSTANT_CONVERSION = YES;
				CLANG_WARN_DIRECT_OBJC_ISA_USAGE = YES_ERROR;
				CLANG_WARN_DOCUMENTATION_COMMENTS = YES;
				CLANG_WARN_EMPTY_BODY = YES;
				CLANG_WARN_ENUM_CONVERSION = YES;
				CLANG_WARN_INFINITE_RECURSION = YES;
				CLANG_WARN_INT_CONVERSION = YES;
				CLANG_WARN_OBJC_ROOT_CLASS = YES_ERROR;
				CLANG_WARN_SUSPICIOUS_MOVE = YES;
				CLANG_WARN_UNREACHABLE_CODE = YES;
				CLANG_WARN__DUPLICATE_METHOD_MATCH = YES;
				"CODE_SIGN_IDENTITY[sdk=iphoneos*]" = "iPhone Developer";
				COPY_PHASE_STRIP = NO;
				CURRENT_PROJECT_VERSION = 1;
				DEBUG_INFORMATION_FORMAT = dwarf;
				ENABLE_STRICT_OBJC_MSGSEND = YES;
				ENABLE_TESTABILITY = YES;
				GCC_C_LANGUAGE_STANDARD = gnu99;
				GCC_DYNAMIC_NO_PIC = NO;
				GCC_NO_COMMON_BLOCKS = YES;
				GCC_OPTIMIZATION_LEVEL = 0;
				GCC_PREPROCESSOR_DEFINITIONS = (
					"DEBUG=1",
					"$(inherited)",
				);
				GCC_WARN_64_TO_32_BIT_CONVERSION = YES;
				GCC_WARN_ABOUT_RETURN_TYPE = YES_ERROR;
				GCC_WARN_UNDECLARED_SELECTOR = YES;
				GCC_WARN_UNINITIALIZED_AUTOS = YES_AGGRESSIVE;
				GCC_WARN_UNUSED_FUNCTION = YES;
				GCC_WARN_UNUSED_VARIABLE = YES;
				IPHONEOS_DEPLOYMENT_TARGET = 10.2;
				MTL_ENABLE_DEBUG_INFO = YES;
				ONLY_ACTIVE_ARCH = YES;
				SDKROOT = iphoneos;
				SWIFT_ACTIVE_COMPILATION_CONDITIONS = DEBUG;
				SWIFT_OPTIMIZATION_LEVEL = "-Onone";
				TARGETED_DEVICE_FAMILY = "1,2";
				VERSIONING_SYSTEM = "apple-generic";
				VERSION_INFO_PREFIX = "";
			};
			name = Debug;
		};
		407350791E5D045100CA2D94 /* Release */ = {
			isa = XCBuildConfiguration;
			buildSettings = {
				ALWAYS_SEARCH_USER_PATHS = NO;
				CLANG_ANALYZER_NONNULL = YES;
				CLANG_CXX_LANGUAGE_STANDARD = "gnu++0x";
				CLANG_CXX_LIBRARY = "libc++";
				CLANG_ENABLE_MODULES = YES;
				CLANG_ENABLE_OBJC_ARC = YES;
				CLANG_WARN_BOOL_CONVERSION = YES;
				CLANG_WARN_CONSTANT_CONVERSION = YES;
				CLANG_WARN_DIRECT_OBJC_ISA_USAGE = YES_ERROR;
				CLANG_WARN_DOCUMENTATION_COMMENTS = YES;
				CLANG_WARN_EMPTY_BODY = YES;
				CLANG_WARN_ENUM_CONVERSION = YES;
				CLANG_WARN_INFINITE_RECURSION = YES;
				CLANG_WARN_INT_CONVERSION = YES;
				CLANG_WARN_OBJC_ROOT_CLASS = YES_ERROR;
				CLANG_WARN_SUSPICIOUS_MOVE = YES;
				CLANG_WARN_UNREACHABLE_CODE = YES;
				CLANG_WARN__DUPLICATE_METHOD_MATCH = YES;
				"CODE_SIGN_IDENTITY[sdk=iphoneos*]" = "iPhone Developer";
				COPY_PHASE_STRIP = NO;
				CURRENT_PROJECT_VERSION = 1;
				DEBUG_INFORMATION_FORMAT = "dwarf-with-dsym";
				ENABLE_NS_ASSERTIONS = NO;
				ENABLE_STRICT_OBJC_MSGSEND = YES;
				GCC_C_LANGUAGE_STANDARD = gnu99;
				GCC_NO_COMMON_BLOCKS = YES;
				GCC_WARN_64_TO_32_BIT_CONVERSION = YES;
				GCC_WARN_ABOUT_RETURN_TYPE = YES_ERROR;
				GCC_WARN_UNDECLARED_SELECTOR = YES;
				GCC_WARN_UNINITIALIZED_AUTOS = YES_AGGRESSIVE;
				GCC_WARN_UNUSED_FUNCTION = YES;
				GCC_WARN_UNUSED_VARIABLE = YES;
				IPHONEOS_DEPLOYMENT_TARGET = 10.2;
				MTL_ENABLE_DEBUG_INFO = NO;
				SDKROOT = iphoneos;
				SWIFT_OPTIMIZATION_LEVEL = "-Owholemodule";
				TARGETED_DEVICE_FAMILY = "1,2";
				VALIDATE_PRODUCT = YES;
				VERSIONING_SYSTEM = "apple-generic";
				VERSION_INFO_PREFIX = "";
			};
			name = Release;
		};
		4073507B1E5D045100CA2D94 /* Debug */ = {
			isa = XCBuildConfiguration;
			buildSettings = {
				CLANG_ENABLE_MODULES = YES;
				CODE_SIGN_IDENTITY = "";
				DEFINES_MODULE = YES;
				DEVELOPMENT_TEAM = 6NBXW22Z9U;
				DYLIB_COMPATIBILITY_VERSION = 1;
				DYLIB_CURRENT_VERSION = 1;
				DYLIB_INSTALL_NAME_BASE = "@rpath";
				INFOPLIST_FILE = MomentSDK/Info.plist;
				INSTALL_PATH = "$(LOCAL_LIBRARY_DIR)/Frameworks";
				IPHONEOS_DEPLOYMENT_TARGET = 9.0;
				LD_RUNPATH_SEARCH_PATHS = "$(inherited) @executable_path/Frameworks @loader_path/Frameworks";
				PRODUCT_BUNDLE_IDENTIFIER = com.SomaticLabs.MomentSDK;
				PRODUCT_NAME = "$(TARGET_NAME)";
				SKIP_INSTALL = YES;
				SWIFT_OPTIMIZATION_LEVEL = "-Onone";
				SWIFT_VERSION = 3.0;
			};
			name = Debug;
		};
		4073507C1E5D045100CA2D94 /* Release */ = {
			isa = XCBuildConfiguration;
			buildSettings = {
				CLANG_ENABLE_MODULES = YES;
				CODE_SIGN_IDENTITY = "";
				DEFINES_MODULE = YES;
				DEVELOPMENT_TEAM = 6NBXW22Z9U;
				DYLIB_COMPATIBILITY_VERSION = 1;
				DYLIB_CURRENT_VERSION = 1;
				DYLIB_INSTALL_NAME_BASE = "@rpath";
				INFOPLIST_FILE = MomentSDK/Info.plist;
				INSTALL_PATH = "$(LOCAL_LIBRARY_DIR)/Frameworks";
				IPHONEOS_DEPLOYMENT_TARGET = 9.0;
				LD_RUNPATH_SEARCH_PATHS = "$(inherited) @executable_path/Frameworks @loader_path/Frameworks";
				PRODUCT_BUNDLE_IDENTIFIER = com.SomaticLabs.MomentSDK;
				PRODUCT_NAME = "$(TARGET_NAME)";
				SKIP_INSTALL = YES;
				SWIFT_VERSION = 3.0;
			};
			name = Release;
		};
		4073507E1E5D045100CA2D94 /* Debug */ = {
			isa = XCBuildConfiguration;
			buildSettings = {
				ALWAYS_EMBED_SWIFT_STANDARD_LIBRARIES = YES;
				DEVELOPMENT_TEAM = 6NBXW22Z9U;
				INFOPLIST_FILE = MomentSDKTests/Info.plist;
				LD_RUNPATH_SEARCH_PATHS = "$(inherited) @executable_path/Frameworks @loader_path/Frameworks";
				PRODUCT_BUNDLE_IDENTIFIER = com.SomaticLabs.MomentSDKTests;
				PRODUCT_NAME = "$(TARGET_NAME)";
				SWIFT_VERSION = 3.0;
			};
			name = Debug;
		};
		4073507F1E5D045100CA2D94 /* Release */ = {
			isa = XCBuildConfiguration;
			buildSettings = {
				ALWAYS_EMBED_SWIFT_STANDARD_LIBRARIES = YES;
				DEVELOPMENT_TEAM = 6NBXW22Z9U;
				INFOPLIST_FILE = MomentSDKTests/Info.plist;
				LD_RUNPATH_SEARCH_PATHS = "$(inherited) @executable_path/Frameworks @loader_path/Frameworks";
				PRODUCT_BUNDLE_IDENTIFIER = com.SomaticLabs.MomentSDKTests;
				PRODUCT_NAME = "$(TARGET_NAME)";
				SWIFT_VERSION = 3.0;
			};
			name = Release;
		};
/* End XCBuildConfiguration section */

/* Begin XCConfigurationList section */
		407350601E5D045000CA2D94 /* Build configuration list for PBXProject "MomentSDK" */ = {
			isa = XCConfigurationList;
			buildConfigurations = (
				407350781E5D045100CA2D94 /* Debug */,
				407350791E5D045100CA2D94 /* Release */,
			);
			defaultConfigurationIsVisible = 0;
			defaultConfigurationName = Release;
		};
		4073507A1E5D045100CA2D94 /* Build configuration list for PBXNativeTarget "MomentSDK" */ = {
			isa = XCConfigurationList;
			buildConfigurations = (
				4073507B1E5D045100CA2D94 /* Debug */,
				4073507C1E5D045100CA2D94 /* Release */,
			);
			defaultConfigurationIsVisible = 0;
			defaultConfigurationName = Release;
		};
		4073507D1E5D045100CA2D94 /* Build configuration list for PBXNativeTarget "MomentSDKTests" */ = {
			isa = XCConfigurationList;
			buildConfigurations = (
				4073507E1E5D045100CA2D94 /* Debug */,
				4073507F1E5D045100CA2D94 /* Release */,
			);
			defaultConfigurationIsVisible = 0;
			defaultConfigurationName = Release;
		};
/* End XCConfigurationList section */
	};
	rootObject = 4073505D1E5D045000CA2D94 /* Project object */;
}
